
Microsoft Visual Studio Solution File, Format Version 12.00
# Visual Studio Version 17
VisualStudioVersion = 17.6.33815.320
MinimumVisualStudioVersion = 10.0.40219.1
Project("{2150E333-8FDC-42A3-9474-1A3956D46DE8}") = "src", "src", "{859ED25F-0D8D-4E25-B253-14536B9581C4}"
EndProject
Project("{2150E333-8FDC-42A3-9474-1A3956D46DE8}") = "test", "test", "{BF1DD553-6EAE-4722-9F8D-0DF3D68B3970}"
EndProject
Project("{2150E333-8FDC-42A3-9474-1A3956D46DE8}") = "UI", "UI", "{ACBFA12D-FFCC-4070-A423-8A94BFC03B98}"
EndProject
Project("{2150E333-8FDC-42A3-9474-1A3956D46DE8}") = "Core", "Core", "{D140FDE3-2A02-4643-8418-4A6A72DBD8B1}"
EndProject
Project("{2150E333-8FDC-42A3-9474-1A3956D46DE8}") = "Infrastracutre", "Infrastracutre", "{1DC25300-46A2-4E50-9096-3093585F1327}"
EndProject
Project("{2150E333-8FDC-42A3-9474-1A3956D46DE8}") = "API", "API", "{C10B349B-2597-4D40-B859-0FB6593B9FA6}"
EndProject
Project("{9A19103F-16F7-4668-BE54-9A1E7A4F7556}") = "HR.LeaveManagement.Domain", "HR.LeaveManagement.Domain\HR.LeaveManagement.Domain.csproj", "{77725134-890F-4137-9494-8FBAEBB8A120}"
EndProject
Project("{9A19103F-16F7-4668-BE54-9A1E7A4F7556}") = "HR.LeaveManagement.Application", "HR.LeaveManagement.Application\HR.LeaveManagement.Application.csproj", "{0404BE02-6225-497A-9B35-060997F54CC6}"
EndProject
Project("{FAE04EC0-301F-11D3-BF4B-00C04F79EFBC}") = "HR.LeaveManagement.Persistence", "HR.LeaveManagement.Persistance\HR.LeaveManagement.Persistence.csproj", "{998A6263-69E1-4F20-B83E-51815D35938A}"
EndProject
Project("{FAE04EC0-301F-11D3-BF4B-00C04F79EFBC}") = "HR.LeaveManagement.Infrastructure", "HR.LeaveManagement.Infrastructure\HR.LeaveManagement.Infrastructure.csproj", "{613F516F-6739-45E0-B866-758F1B9FBE44}"
EndProject
Project("{FAE04EC0-301F-11D3-BF4B-00C04F79EFBC}") = "HR.LeaveManagement.Api", "HR.LeaveManagement.Api\HR.LeaveManagement.Api.csproj", "{32BE1E23-75F3-43B7-A282-1D1C5AF67199}"
EndProject
Global
	GlobalSection(SolutionConfigurationPlatforms) = preSolution
		Debug|Any CPU = Debug|Any CPU
		Release|Any CPU = Release|Any CPU
	EndGlobalSection
	GlobalSection(ProjectConfigurationPlatforms) = postSolution
		{77725134-890F-4137-9494-8FBAEBB8A120}.Debug|Any CPU.ActiveCfg = Debug|Any CPU
		{77725134-890F-4137-9494-8FBAEBB8A120}.Debug|Any CPU.Build.0 = Debug|Any CPU
		{77725134-890F-4137-9494-8FBAEBB8A120}.Release|Any CPU.ActiveCfg = Release|Any CPU
		{77725134-890F-4137-9494-8FBAEBB8A120}.Release|Any CPU.Build.0 = Release|Any CPU
		{0404BE02-6225-497A-9B35-060997F54CC6}.Debug|Any CPU.ActiveCfg = Debug|Any CPU
		{0404BE02-6225-497A-9B35-060997F54CC6}.Debug|Any CPU.Build.0 = Debug|Any CPU
		{0404BE02-6225-497A-9B35-060997F54CC6}.Release|Any CPU.ActiveCfg = Release|Any CPU
		{0404BE02-6225-497A-9B35-060997F54CC6}.Release|Any CPU.Build.0 = Release|Any CPU
		{998A6263-69E1-4F20-B83E-51815D35938A}.Debug|Any CPU.ActiveCfg = Debug|Any CPU
		{998A6263-69E1-4F20-B83E-51815D35938A}.Debug|Any CPU.Build.0 = Debug|Any CPU
		{998A6263-69E1-4F20-B83E-51815D35938A}.Release|Any CPU.ActiveCfg = Release|Any CPU
		{998A6263-69E1-4F20-B83E-51815D35938A}.Release|Any CPU.Build.0 = Release|Any CPU
		{613F516F-6739-45E0-B866-758F1B9FBE44}.Debug|Any CPU.ActiveCfg = Debug|Any CPU
		{613F516F-6739-45E0-B866-758F1B9FBE44}.Debug|Any CPU.Build.0 = Debug|Any CPU
		{613F516F-6739-45E0-B866-758F1B9FBE44}.Release|Any CPU.ActiveCfg = Release|Any CPU
		{613F516F-6739-45E0-B866-758F1B9FBE44}.Release|Any CPU.Build.0 = Release|Any CPU
		{32BE1E23-75F3-43B7-A282-1D1C5AF67199}.Debug|Any CPU.ActiveCfg = Debug|Any CPU
		{32BE1E23-75F3-43B7-A282-1D1C5AF67199}.Debug|Any CPU.Build.0 = Debug|Any CPU
		{32BE1E23-75F3-43B7-A282-1D1C5AF67199}.Release|Any CPU.ActiveCfg = Release|Any CPU
		{32BE1E23-75F3-43B7-A282-1D1C5AF67199}.Release|Any CPU.Build.0 = Release|Any CPU
	EndGlobalSection
	GlobalSection(SolutionProperties) = preSolution
		HideSolutionNode = FALSE
	EndGlobalSection
	GlobalSection(NestedProjects) = preSolution
		{ACBFA12D-FFCC-4070-A423-8A94BFC03B98} = {859ED25F-0D8D-4E25-B253-14536B9581C4}
		{D140FDE3-2A02-4643-8418-4A6A72DBD8B1} = {859ED25F-0D8D-4E25-B253-14536B9581C4}
		{1DC25300-46A2-4E50-9096-3093585F1327} = {859ED25F-0D8D-4E25-B253-14536B9581C4}
		{C10B349B-2597-4D40-B859-0FB6593B9FA6} = {859ED25F-0D8D-4E25-B253-14536B9581C4}
		{77725134-890F-4137-9494-8FBAEBB8A120} = {D140FDE3-2A02-4643-8418-4A6A72DBD8B1}
		{0404BE02-6225-497A-9B35-060997F54CC6} = {D140FDE3-2A02-4643-8418-4A6A72DBD8B1}
		{998A6263-69E1-4F20-B83E-51815D35938A} = {1DC25300-46A2-4E50-9096-3093585F1327}
		{613F516F-6739-45E0-B866-758F1B9FBE44} = {1DC25300-46A2-4E50-9096-3093585F1327}
		{32BE1E23-75F3-43B7-A282-1D1C5AF67199} = {C10B349B-2597-4D40-B859-0FB6593B9FA6}
	EndGlobalSection
	GlobalSection(ExtensibilityGlobals) = postSolution
		SolutionGuid = {410773F2-B8E8-4DD0-95A8-EBCF54E37194}
	EndGlobalSection
EndGlobal
